
Microsoft Visual Studio Solution File, Format Version 12.00
# Visual Studio 14
VisualStudioVersion = 14.0.24720.0
MinimumVisualStudioVersion = 10.0.40219.1
Project("{FAE04EC0-301F-11D3-BF4B-00C04F79EFBC}") = "CarcassonneMain", "CarcassonneMain\CarcassonneMain.csproj", "{90F6AF29-9EAA-4A4D-9183-019E6CCA91D0}"
EndProject
Project("{FAE04EC0-301F-11D3-BF4B-00C04F79EFBC}") = "CarcassonneMainTests", "CarcassonneMainTests\CarcassonneMainTests.csproj", "{3F486E20-63BF-49A1-A89E-834B6C990B25}"
EndProject
Project("{FAE04EC0-301F-11D3-BF4B-00C04F79EFBC}") = "CarcassonneWPFGame", "CarcassonneWPFGame\CarcassonneWPFGame.csproj", "{AA19472D-1F2B-4771-9298-8D10AA7339D3}"
EndProject
Global
	GlobalSection(SolutionConfigurationPlatforms) = preSolution
		Debug|Any CPU = Debug|Any CPU
		Release|Any CPU = Release|Any CPU
	EndGlobalSection
	GlobalSection(ProjectConfigurationPlatforms) = postSolution
		{90F6AF29-9EAA-4A4D-9183-019E6CCA91D0}.Debug|Any CPU.ActiveCfg = Debug|Any CPU
		{90F6AF29-9EAA-4A4D-9183-019E6CCA91D0}.Debug|Any CPU.Build.0 = Debug|Any CPU
		{90F6AF29-9EAA-4A4D-9183-019E6CCA91D0}.Release|Any CPU.ActiveCfg = Release|Any CPU
		{90F6AF29-9EAA-4A4D-9183-019E6CCA91D0}.Release|Any CPU.Build.0 = Release|Any CPU
		{3F486E20-63BF-49A1-A89E-834B6C990B25}.Debug|Any CPU.ActiveCfg = Debug|Any CPU
		{3F486E20-63BF-49A1-A89E-834B6C990B25}.Debug|Any CPU.Build.0 = Debug|Any CPU
		{3F486E20-63BF-49A1-A89E-834B6C990B25}.Release|Any CPU.ActiveCfg = Release|Any CPU
		{3F486E20-63BF-49A1-A89E-834B6C990B25}.Release|Any CPU.Build.0 = Release|Any CPU
		{AA19472D-1F2B-4771-9298-8D10AA7339D3}.Debug|Any CPU.ActiveCfg = Debug|Any CPU
		{AA19472D-1F2B-4771-9298-8D10AA7339D3}.Debug|Any CPU.Build.0 = Debug|Any CPU
		{AA19472D-1F2B-4771-9298-8D10AA7339D3}.Release|Any CPU.ActiveCfg = Release|Any CPU
		{AA19472D-1F2B-4771-9298-8D10AA7339D3}.Release|Any CPU.Build.0 = Release|Any CPU
	EndGlobalSection
	GlobalSection(SolutionProperties) = preSolution
		HideSolutionNode = FALSE
	EndGlobalSection
EndGlobal
